
Microsoft Visual Studio Solution File, Format Version 12.00
# Visual Studio Version 16
VisualStudioVersion = 16.0.35731.53
MinimumVisualStudioVersion = 10.0.40219.1
Project("{FAE04EC0-301F-11D3-BF4B-00C04F79EFBC}") = "SaadInventoryManagementSystem", "SaadInventoryManagementSystem\SaadInventoryManagementSystem.csproj", "{BFEE6A72-5372-487C-A05F-BF1D68F3361C}"
EndProject
Global
	GlobalSection(SolutionConfigurationPlatforms) = preSolution
		Debug|Any CPU = Debug|Any CPU
		Release|Any CPU = Release|Any CPU
	EndGlobalSection
	GlobalSection(ProjectConfigurationPlatforms) = postSolution
		{BFEE6A72-5372-487C-A05F-BF1D68F3361C}.Debug|Any CPU.ActiveCfg = Debug|Any CPU
		{BFEE6A72-5372-487C-A05F-BF1D68F3361C}.Debug|Any CPU.Build.0 = Debug|Any CPU
		{BFEE6A72-5372-487C-A05F-BF1D68F3361C}.Release|Any CPU.ActiveCfg = Release|Any CPU
		{BFEE6A72-5372-487C-A05F-BF1D68F3361C}.Release|Any CPU.Build.0 = Release|Any CPU
	EndGlobalSection
	GlobalSection(SolutionProperties) = preSolution
		HideSolutionNode = FALSE
	EndGlobalSection
	GlobalSection(ExtensibilityGlobals) = postSolution
		SolutionGuid = {B5B33A6C-A40F-4FAC-9197-DA701B026861}
	EndGlobalSection
EndGlobal
