
Microsoft Visual Studio Solution File, Format Version 12.00
# Visual Studio Version 16
VisualStudioVersion = 16.0.35731.53
MinimumVisualStudioVersion = 10.0.40219.1
Project("{FAE04EC0-301F-11D3-BF4B-00C04F79EFBC}") = "SaadInventoryManagementSystem", "SaadInventoryManagementSystem\SaadInventoryManagementSystem.csproj", "{BFEE6A72-5372-487C-A05F-BF1D68F3361C}"
EndProject
Project("{FAE04EC0-301F-11D3-BF4B-00C04F79EFBC}") = "Data_Access_Layer", "Data_Access_Layer\Data_Access_Layer.csproj", "{987EC739-24A9-466D-BC1E-952DF784E70E}"
EndProject
Project("{FAE04EC0-301F-11D3-BF4B-00C04F79EFBC}") = "Business_Layer", "Business_Layer\Business_Layer.csproj", "{9DA24DE6-AA10-4A4F-9129-7E28A5D54690}"
EndProject
Project("{FAE04EC0-301F-11D3-BF4B-00C04F79EFBC}") = "Property_Layer", "Property_Layer\Property_Layer.csproj", "{9F43A396-B2D3-40A5-95A6-064FAF0806C1}"
EndProject
Global
	GlobalSection(SolutionConfigurationPlatforms) = preSolution
		Debug|Any CPU = Debug|Any CPU
		Release|Any CPU = Release|Any CPU
	EndGlobalSection
	GlobalSection(ProjectConfigurationPlatforms) = postSolution
		{BFEE6A72-5372-487C-A05F-BF1D68F3361C}.Debug|Any CPU.ActiveCfg = Debug|Any CPU
		{BFEE6A72-5372-487C-A05F-BF1D68F3361C}.Debug|Any CPU.Build.0 = Debug|Any CPU
		{BFEE6A72-5372-487C-A05F-BF1D68F3361C}.Release|Any CPU.ActiveCfg = Release|Any CPU
		{BFEE6A72-5372-487C-A05F-BF1D68F3361C}.Release|Any CPU.Build.0 = Release|Any CPU
		{987EC739-24A9-466D-BC1E-952DF784E70E}.Debug|Any CPU.ActiveCfg = Debug|Any CPU
		{987EC739-24A9-466D-BC1E-952DF784E70E}.Debug|Any CPU.Build.0 = Debug|Any CPU
		{987EC739-24A9-466D-BC1E-952DF784E70E}.Release|Any CPU.ActiveCfg = Release|Any CPU
		{987EC739-24A9-466D-BC1E-952DF784E70E}.Release|Any CPU.Build.0 = Release|Any CPU
		{9DA24DE6-AA10-4A4F-9129-7E28A5D54690}.Debug|Any CPU.ActiveCfg = Debug|Any CPU
		{9DA24DE6-AA10-4A4F-9129-7E28A5D54690}.Debug|Any CPU.Build.0 = Debug|Any CPU
		{9DA24DE6-AA10-4A4F-9129-7E28A5D54690}.Release|Any CPU.ActiveCfg = Release|Any CPU
		{9DA24DE6-AA10-4A4F-9129-7E28A5D54690}.Release|Any CPU.Build.0 = Release|Any CPU
		{9F43A396-B2D3-40A5-95A6-064FAF0806C1}.Debug|Any CPU.ActiveCfg = Debug|Any CPU
		{9F43A396-B2D3-40A5-95A6-064FAF0806C1}.Debug|Any CPU.Build.0 = Debug|Any CPU
		{9F43A396-B2D3-40A5-95A6-064FAF0806C1}.Release|Any CPU.ActiveCfg = Release|Any CPU
		{9F43A396-B2D3-40A5-95A6-064FAF0806C1}.Release|Any CPU.Build.0 = Release|Any CPU
	EndGlobalSection
	GlobalSection(SolutionProperties) = preSolution
		HideSolutionNode = FALSE
	EndGlobalSection
	GlobalSection(ExtensibilityGlobals) = postSolution
		SolutionGuid = {B5B33A6C-A40F-4FAC-9197-DA701B026861}
	EndGlobalSection
EndGlobal
